
Microsoft Visual Studio Solution File, Format Version 12.00
# Visual Studio Version 17
VisualStudioVersion = 17.4.33403.182
MinimumVisualStudioVersion = 10.0.40219.1
Project("{FAE04EC0-301F-11D3-BF4B-00C04F79EFBC}") = "Laba6", "Laba6\Laba6.csproj", "{90185A31-B5ED-4C07-BAE2-2DE5830A3585}"
EndProject
Global
	GlobalSection(SolutionConfigurationPlatforms) = preSolution
		Debug|Any CPU = Debug|Any CPU
		Release|Any CPU = Release|Any CPU
	EndGlobalSection
	GlobalSection(ProjectConfigurationPlatforms) = postSolution
		{90185A31-B5ED-4C07-BAE2-2DE5830A3585}.Debug|Any CPU.ActiveCfg = Debug|Any CPU
		{90185A31-B5ED-4C07-BAE2-2DE5830A3585}.Debug|Any CPU.Build.0 = Debug|Any CPU
		{90185A31-B5ED-4C07-BAE2-2DE5830A3585}.Release|Any CPU.ActiveCfg = Release|Any CPU
		{90185A31-B5ED-4C07-BAE2-2DE5830A3585}.Release|Any CPU.Build.0 = Release|Any CPU
	EndGlobalSection
	GlobalSection(SolutionProperties) = preSolution
		HideSolutionNode = FALSE
	EndGlobalSection
	GlobalSection(ExtensibilityGlobals) = postSolution
		SolutionGuid = {BBF58342-7744-4C4B-A795-081377C7306C}
	EndGlobalSection
EndGlobal
